
Microsoft Visual Studio Solution File, Format Version 12.00
# Visual Studio Version 17
VisualStudioVersion = 17.0.31919.166
MinimumVisualStudioVersion = 10.0.40219.1
Project("{9A19103F-16F7-4668-BE54-9A1E7A4F7556}") = "BorrowMeAPI", "BorrowMeAPI\BorrowMeAPI.csproj", "{6EEED820-5215-4FD1-9AD1-73581C6C599D}"
EndProject
Project("{FAE04EC0-301F-11D3-BF4B-00C04F79EFBC}") = "Domain", "Domain\Domain.csproj", "{359E18AD-3D33-4933-80E5-7FF20FDD20C7}"
EndProject
Project("{FAE04EC0-301F-11D3-BF4B-00C04F79EFBC}") = "Persistance", "Persistance\Persistance.csproj", "{9CE5CC15-B6D3-4B64-A8F6-EE4A265EE855}"
EndProject
Project("{FAE04EC0-301F-11D3-BF4B-00C04F79EFBC}") = "Core", "Core\Core.csproj", "{C9F06024-6C81-4A4E-9D45-9D6261FE120A}"
EndProject
Project("{FAE04EC0-301F-11D3-BF4B-00C04F79EFBC}") = "Services", "Services\Services.csproj", "{C96B9F0A-7771-40E0-BF3F-4FE49FE4FEC3}"
EndProject
Global
	GlobalSection(SolutionConfigurationPlatforms) = preSolution
		Debug|Any CPU = Debug|Any CPU
		Release|Any CPU = Release|Any CPU
	EndGlobalSection
	GlobalSection(ProjectConfigurationPlatforms) = postSolution
		{6EEED820-5215-4FD1-9AD1-73581C6C599D}.Debug|Any CPU.ActiveCfg = Debug|Any CPU
		{6EEED820-5215-4FD1-9AD1-73581C6C599D}.Debug|Any CPU.Build.0 = Debug|Any CPU
		{6EEED820-5215-4FD1-9AD1-73581C6C599D}.Release|Any CPU.ActiveCfg = Release|Any CPU
		{6EEED820-5215-4FD1-9AD1-73581C6C599D}.Release|Any CPU.Build.0 = Release|Any CPU
		{359E18AD-3D33-4933-80E5-7FF20FDD20C7}.Debug|Any CPU.ActiveCfg = Debug|Any CPU
		{359E18AD-3D33-4933-80E5-7FF20FDD20C7}.Debug|Any CPU.Build.0 = Debug|Any CPU
		{359E18AD-3D33-4933-80E5-7FF20FDD20C7}.Release|Any CPU.ActiveCfg = Release|Any CPU
		{359E18AD-3D33-4933-80E5-7FF20FDD20C7}.Release|Any CPU.Build.0 = Release|Any CPU
		{9CE5CC15-B6D3-4B64-A8F6-EE4A265EE855}.Debug|Any CPU.ActiveCfg = Debug|Any CPU
		{9CE5CC15-B6D3-4B64-A8F6-EE4A265EE855}.Debug|Any CPU.Build.0 = Debug|Any CPU
		{9CE5CC15-B6D3-4B64-A8F6-EE4A265EE855}.Release|Any CPU.ActiveCfg = Release|Any CPU
		{9CE5CC15-B6D3-4B64-A8F6-EE4A265EE855}.Release|Any CPU.Build.0 = Release|Any CPU
		{C9F06024-6C81-4A4E-9D45-9D6261FE120A}.Debug|Any CPU.ActiveCfg = Debug|Any CPU
		{C9F06024-6C81-4A4E-9D45-9D6261FE120A}.Debug|Any CPU.Build.0 = Debug|Any CPU
		{C9F06024-6C81-4A4E-9D45-9D6261FE120A}.Release|Any CPU.ActiveCfg = Release|Any CPU
		{C9F06024-6C81-4A4E-9D45-9D6261FE120A}.Release|Any CPU.Build.0 = Release|Any CPU
		{C96B9F0A-7771-40E0-BF3F-4FE49FE4FEC3}.Debug|Any CPU.ActiveCfg = Debug|Any CPU
		{C96B9F0A-7771-40E0-BF3F-4FE49FE4FEC3}.Debug|Any CPU.Build.0 = Debug|Any CPU
		{C96B9F0A-7771-40E0-BF3F-4FE49FE4FEC3}.Release|Any CPU.ActiveCfg = Release|Any CPU
		{C96B9F0A-7771-40E0-BF3F-4FE49FE4FEC3}.Release|Any CPU.Build.0 = Release|Any CPU
	EndGlobalSection
	GlobalSection(SolutionProperties) = preSolution
		HideSolutionNode = FALSE
	EndGlobalSection
	GlobalSection(ExtensibilityGlobals) = postSolution
		SolutionGuid = {33E9393D-8694-4909-A080-D54A37098058}
	EndGlobalSection
EndGlobal
