
Microsoft Visual Studio Solution File, Format Version 12.00
# Visual Studio Version 17
VisualStudioVersion = 17.0.31919.166
MinimumVisualStudioVersion = 10.0.40219.1
Project("{FAE04EC0-301F-11D3-BF4B-00C04F79EFBC}") = "BorrowMeAPI", "BorrowMeAPI\BorrowMeAPI.csproj", "{6EEED820-5215-4FD1-9AD1-73581C6C599D}"
EndProject
Global
	GlobalSection(SolutionConfigurationPlatforms) = preSolution
		Debug|Any CPU = Debug|Any CPU
		Release|Any CPU = Release|Any CPU
	EndGlobalSection
	GlobalSection(ProjectConfigurationPlatforms) = postSolution
		{6EEED820-5215-4FD1-9AD1-73581C6C599D}.Debug|Any CPU.ActiveCfg = Debug|Any CPU
		{6EEED820-5215-4FD1-9AD1-73581C6C599D}.Debug|Any CPU.Build.0 = Debug|Any CPU
		{6EEED820-5215-4FD1-9AD1-73581C6C599D}.Release|Any CPU.ActiveCfg = Release|Any CPU
		{6EEED820-5215-4FD1-9AD1-73581C6C599D}.Release|Any CPU.Build.0 = Release|Any CPU
	EndGlobalSection
	GlobalSection(SolutionProperties) = preSolution
		HideSolutionNode = FALSE
	EndGlobalSection
	GlobalSection(ExtensibilityGlobals) = postSolution
		SolutionGuid = {33E9393D-8694-4909-A080-D54A37098058}
	EndGlobalSection
EndGlobal
